{
  "name": "@kupola/pivot-flow",
  "version": "0.1.34",
  "lockfileVersion": 3,
  "requires": true,
  "packages": {
    "": {
      "name": "@kupola/pivot-flow",
      "version": "0.1.34",
      "license": "MIT",
      "dependencies": {
        "@kupola/kupola": "^2.0.7",
        "@kupola/pivot": "^0.2.14"
      },
      "devDependencies": {}
    },
    "node_modules/@kupola/kupola": {
      "version": "2.0.7",
      "resolved": "https://registry.npmjs.org/@kupola/kupola/-/kupola-2.0.7.tgz",
      "integrity": "sha512-IUHQF0xo/LziYfDynfKRQePmP8j3dLdVxBhEuNEZikD2Y8IyKCR8q2FSQUT8+9lu2KYxdQogc4Rd7mM/Y12pGQ==",
      "license": "MIT",
      "peer": true,
      "engines": {
        "node": ">=16.0.0"
      }
    },
    "node_modules/@kupola/pivot": {
      "version": "0.2.14",
      "resolved": "https://registry.npmjs.org/@kupola/pivot/-/pivot-0.2.14.tgz",
      "integrity": "sha512-mbADJhQEEM2OSiCR5rz4M9W0pcPb+4E8z6ur/wZvwbqWuIswRIAkrirHVx7LAdQwVkGmnkr6tTR6kGqyMTDiXQ==",
      "license": "MIT",
      "dependencies": {
        "@kupola/pivot-orchestrator": "0.2.14",
        "@kupola/pivot-policy": "0.2.14",
        "@kupola/pivot-protocol": "0.2.14",
        "@kupola/pivot-ui": "0.2.14"
      }
    },
    "node_modules/@kupola/pivot-orchestrator": {
      "version": "0.2.14",
      "resolved": "https://registry.npmjs.org/@kupola/pivot-orchestrator/-/pivot-orchestrator-0.2.14.tgz",
      "integrity": "sha512-GdBpfMzeyygDvY71BwOhUGd7sAJPOMjhri8q1a1jM45o2ExPTkTmlhfHtRg4nSEtP0rUsUncE/DvgCe5Wsvcww==",
      "license": "MIT"
    },
    "node_modules/@kupola/pivot-policy": {
      "version": "0.2.14",
      "resolved": "https://registry.npmjs.org/@kupola/pivot-policy/-/pivot-policy-0.2.14.tgz",
      "integrity": "sha512-NwRpjc/nsVRKlhTStH0OW2QYaxTpw0/GL3NPDoN+cvTlr6JxCrLv6YUE/ysqBR1RBazalkc84e8JHhBHXHZbXQ==",
      "license": "MIT"
    },
    "node_modules/@kupola/pivot-protocol": {
      "version": "0.2.14",
      "resolved": "https://registry.npmjs.org/@kupola/pivot-protocol/-/pivot-protocol-0.2.14.tgz",
      "integrity": "sha512-yNICbQDHtE3DSuhC7lv6CPPm2Gr5MfrmTUIe7B2wTfqJW/5cWdWdXIJDPLr4iEwryPX/nhYPYYVfZgh3EPlMXA==",
      "license": "MIT"
    },
    "node_modules/@kupola/pivot-ui": {
      "version": "0.2.14",
      "resolved": "https://registry.npmjs.org/@kupola/pivot-ui/-/pivot-ui-0.2.14.tgz",
      "integrity": "sha512-HXZAav94kcsm4oh/DmrBJVH74nK5+nSMvvQsYzAIjYH4vRJUxshhVDZ5AX9vovf1v/w4iPZrbU+TCSPt550llg==",
      "license": "MIT",
      "peerDependencies": {
        "@kupola/kupola": "^2.0.0"
      }
    }
  }
}
